
Microsoft Visual Studio Solution File, Format Version 12.00
# Visual Studio 15
VisualStudioVersion = 15.0.27004.2010
MinimumVisualStudioVersion = 10.0.40219.1
Project("{FAE04EC0-301F-11D3-BF4B-00C04F79EFBC}") = "WebAppSeguimiento", "WebAppSeguimiento\WebAppSeguimiento.csproj", "{53962874-353B-4C3A-9396-0E429D7CD403}"
EndProject
Project("{FAE04EC0-301F-11D3-BF4B-00C04F79EFBC}") = "AccesoDatos", "AccesoDatos\AccesoDatos.csproj", "{F3ADCF70-90DD-4EA7-84E7-0522AC5BBBDD}"
EndProject
Project("{FAE04EC0-301F-11D3-BF4B-00C04F79EFBC}") = "LogicaNegocio", "LogicaNegocio\LogicaNegocio.csproj", "{B47AC3C9-913B-439C-8E06-E8B96255CD6D}"
EndProject
Global
	GlobalSection(SolutionConfigurationPlatforms) = preSolution
		Debug|Any CPU = Debug|Any CPU
		Release|Any CPU = Release|Any CPU
	EndGlobalSection
	GlobalSection(ProjectConfigurationPlatforms) = postSolution
		{53962874-353B-4C3A-9396-0E429D7CD403}.Debug|Any CPU.ActiveCfg = Debug|Any CPU
		{53962874-353B-4C3A-9396-0E429D7CD403}.Debug|Any CPU.Build.0 = Debug|Any CPU
		{53962874-353B-4C3A-9396-0E429D7CD403}.Release|Any CPU.ActiveCfg = Release|Any CPU
		{53962874-353B-4C3A-9396-0E429D7CD403}.Release|Any CPU.Build.0 = Release|Any CPU
		{F3ADCF70-90DD-4EA7-84E7-0522AC5BBBDD}.Debug|Any CPU.ActiveCfg = Debug|Any CPU
		{F3ADCF70-90DD-4EA7-84E7-0522AC5BBBDD}.Debug|Any CPU.Build.0 = Debug|Any CPU
		{F3ADCF70-90DD-4EA7-84E7-0522AC5BBBDD}.Release|Any CPU.ActiveCfg = Release|Any CPU
		{F3ADCF70-90DD-4EA7-84E7-0522AC5BBBDD}.Release|Any CPU.Build.0 = Release|Any CPU
		{B47AC3C9-913B-439C-8E06-E8B96255CD6D}.Debug|Any CPU.ActiveCfg = Debug|Any CPU
		{B47AC3C9-913B-439C-8E06-E8B96255CD6D}.Debug|Any CPU.Build.0 = Debug|Any CPU
		{B47AC3C9-913B-439C-8E06-E8B96255CD6D}.Release|Any CPU.ActiveCfg = Release|Any CPU
		{B47AC3C9-913B-439C-8E06-E8B96255CD6D}.Release|Any CPU.Build.0 = Release|Any CPU
	EndGlobalSection
	GlobalSection(SolutionProperties) = preSolution
		HideSolutionNode = FALSE
	EndGlobalSection
	GlobalSection(ExtensibilityGlobals) = postSolution
		SolutionGuid = {E88D7C8B-E3E3-4273-A6B9-10C7EFA9C909}
	EndGlobalSection
EndGlobal
